
Microsoft Visual Studio Solution File, Format Version 12.00
# Visual Studio 15
Project("{FAE04EC0-301F-11D3-BF4B-00C04F79EFBC}") = "VRM10.Tests", "VRM10.Tests.csproj", "{31A7ED4B-C713-EE9A-CA35-0BEA2F34C43C}"
EndProject
Project("{FAE04EC0-301F-11D3-BF4B-00C04F79EFBC}") = "VRM10", "VRM10.csproj", "{ABF6F985-CA6D-343F-73FB-02B6B3B9F4A7}"
EndProject
Project("{FAE04EC0-301F-11D3-BF4B-00C04F79EFBC}") = "UniHumanoid", "UniHumanoid.csproj", "{F9315B24-407B-8358-7813-EA7196705B48}"
EndProject
Project("{FAE04EC0-301F-11D3-BF4B-00C04F79EFBC}") = "VRM10.Editor", "VRM10.Editor.csproj", "{2A46415C-68E8-7C9C-6457-B750E2610ACA}"
EndProject
Project("{FAE04EC0-301F-11D3-BF4B-00C04F79EFBC}") = "SpringBoneJobs", "SpringBoneJobs.csproj", "{27837EA4-5DE9-0BAA-F151-B35472EF3B1D}"
EndProject
Project("{FAE04EC0-301F-11D3-BF4B-00C04F79EFBC}") = "UniGLTF.Editor", "UniGLTF.Editor.csproj", "{23BCA669-F31B-4BD1-CB60-FA038746956D}"
EndProject
Project("{FAE04EC0-301F-11D3-BF4B-00C04F79EFBC}") = "UniGLTF", "UniGLTF.csproj", "{36E246CE-3315-A9B9-01F2-A87615822E63}"
EndProject
Project("{FAE04EC0-301F-11D3-BF4B-00C04F79EFBC}") = "Assembly-CSharp", "Assembly-CSharp.csproj", "{DF1AD1FF-04FA-6D1B-83D8-B459860A3B4F}"
EndProject
Project("{FAE04EC0-301F-11D3-BF4B-00C04F79EFBC}") = "UniGLTF.Tests", "UniGLTF.Tests.csproj", "{7A6DAF59-91C1-1A27-F101-BEB5864D0383}"
EndProject
Project("{FAE04EC0-301F-11D3-BF4B-00C04F79EFBC}") = "VRM10.MToon10", "VRM10.MToon10.csproj", "{27D791E7-7E33-CAF0-1B1D-A484116DC863}"
EndProject
Project("{FAE04EC0-301F-11D3-BF4B-00C04F79EFBC}") = "VrmLib", "VrmLib.csproj", "{12A8BB63-569F-34BD-9094-5826E3FE40AA}"
EndProject
Project("{FAE04EC0-301F-11D3-BF4B-00C04F79EFBC}") = "UniHumanoid.Editor", "UniHumanoid.Editor.csproj", "{778C2C15-1E79-9B20-3C9F-67D73901BDE9}"
EndProject
Project("{FAE04EC0-301F-11D3-BF4B-00C04F79EFBC}") = "VrmLibTests", "VrmLibTests.csproj", "{BD2343F0-B3E7-1D77-6A67-A2F001E33E09}"
EndProject
Project("{FAE04EC0-301F-11D3-BF4B-00C04F79EFBC}") = "Assembly-CSharp-Editor", "Assembly-CSharp-Editor.csproj", "{AF67DA57-4363-E4AB-29AB-F1FCF9033DD0}"
EndProject
Project("{FAE04EC0-301F-11D3-BF4B-00C04F79EFBC}") = "UniGLTF.UniUnlit", "UniGLTF.UniUnlit.csproj", "{4DB2672B-E0AE-9B92-BD75-92569BE923F5}"
EndProject
Project("{FAE04EC0-301F-11D3-BF4B-00C04F79EFBC}") = "FastSpringBone10", "FastSpringBone10.csproj", "{14B3D261-121E-7A00-5C88-F34B492D9A39}"
EndProject
Project("{FAE04EC0-301F-11D3-BF4B-00C04F79EFBC}") = "UniHumanoid.Editor.Tests", "UniHumanoid.Editor.Tests.csproj", "{976B9926-F85A-292C-B85C-BC8638137226}"
EndProject
Project("{FAE04EC0-301F-11D3-BF4B-00C04F79EFBC}") = "UniGLTF.UniUnlit.Editor", "UniGLTF.UniUnlit.Editor.csproj", "{15369D81-0696-0506-2B35-FD74C4BC9E15}"
EndProject
Project("{FAE04EC0-301F-11D3-BF4B-00C04F79EFBC}") = "UniGLTF.Utils", "UniGLTF.Utils.csproj", "{A6287DBB-9C38-E880-1F83-2F4532F2C7A8}"
EndProject
Project("{FAE04EC0-301F-11D3-BF4B-00C04F79EFBC}") = "VRM10.MToon10.Editor", "VRM10.MToon10.Editor.csproj", "{8716B80D-903E-F047-CF84-9D940C84FBC8}"
EndProject
Project("{FAE04EC0-301F-11D3-BF4B-00C04F79EFBC}") = "VRM10.MToon10.Tests", "VRM10.MToon10.Tests.csproj", "{3E47BE1B-E736-50BF-D48E-12693C6936AC}"
EndProject
Global
	GlobalSection(SolutionConfigurationPlatforms) = preSolution
		Debug|Any CPU = Debug|Any CPU
		Release|Any CPU = Release|Any CPU
	EndGlobalSection
	GlobalSection(ProjectConfigurationPlatforms) = postSolution
		{31A7ED4B-C713-EE9A-CA35-0BEA2F34C43C}.Debug|Any CPU.ActiveCfg = Debug|Any CPU
		{31A7ED4B-C713-EE9A-CA35-0BEA2F34C43C}.Debug|Any CPU.Build.0 = Debug|Any CPU
		{31A7ED4B-C713-EE9A-CA35-0BEA2F34C43C}.Release|Any CPU.ActiveCfg = Release|Any CPU
		{31A7ED4B-C713-EE9A-CA35-0BEA2F34C43C}.Release|Any CPU.Build.0 = Release|Any CPU
		{ABF6F985-CA6D-343F-73FB-02B6B3B9F4A7}.Debug|Any CPU.ActiveCfg = Debug|Any CPU
		{ABF6F985-CA6D-343F-73FB-02B6B3B9F4A7}.Debug|Any CPU.Build.0 = Debug|Any CPU
		{ABF6F985-CA6D-343F-73FB-02B6B3B9F4A7}.Release|Any CPU.ActiveCfg = Release|Any CPU
		{ABF6F985-CA6D-343F-73FB-02B6B3B9F4A7}.Release|Any CPU.Build.0 = Release|Any CPU
		{F9315B24-407B-8358-7813-EA7196705B48}.Debug|Any CPU.ActiveCfg = Debug|Any CPU
		{F9315B24-407B-8358-7813-EA7196705B48}.Debug|Any CPU.Build.0 = Debug|Any CPU
		{F9315B24-407B-8358-7813-EA7196705B48}.Release|Any CPU.ActiveCfg = Release|Any CPU
		{F9315B24-407B-8358-7813-EA7196705B48}.Release|Any CPU.Build.0 = Release|Any CPU
		{2A46415C-68E8-7C9C-6457-B750E2610ACA}.Debug|Any CPU.ActiveCfg = Debug|Any CPU
		{2A46415C-68E8-7C9C-6457-B750E2610ACA}.Debug|Any CPU.Build.0 = Debug|Any CPU
		{2A46415C-68E8-7C9C-6457-B750E2610ACA}.Release|Any CPU.ActiveCfg = Release|Any CPU
		{2A46415C-68E8-7C9C-6457-B750E2610ACA}.Release|Any CPU.Build.0 = Release|Any CPU
		{27837EA4-5DE9-0BAA-F151-B35472EF3B1D}.Debug|Any CPU.ActiveCfg = Debug|Any CPU
		{27837EA4-5DE9-0BAA-F151-B35472EF3B1D}.Debug|Any CPU.Build.0 = Debug|Any CPU
		{27837EA4-5DE9-0BAA-F151-B35472EF3B1D}.Release|Any CPU.ActiveCfg = Release|Any CPU
		{27837EA4-5DE9-0BAA-F151-B35472EF3B1D}.Release|Any CPU.Build.0 = Release|Any CPU
		{23BCA669-F31B-4BD1-CB60-FA038746956D}.Debug|Any CPU.ActiveCfg = Debug|Any CPU
		{23BCA669-F31B-4BD1-CB60-FA038746956D}.Debug|Any CPU.Build.0 = Debug|Any CPU
		{23BCA669-F31B-4BD1-CB60-FA038746956D}.Release|Any CPU.ActiveCfg = Release|Any CPU
		{23BCA669-F31B-4BD1-CB60-FA038746956D}.Release|Any CPU.Build.0 = Release|Any CPU
		{36E246CE-3315-A9B9-01F2-A87615822E63}.Debug|Any CPU.ActiveCfg = Debug|Any CPU
		{36E246CE-3315-A9B9-01F2-A87615822E63}.Debug|Any CPU.Build.0 = Debug|Any CPU
		{36E246CE-3315-A9B9-01F2-A87615822E63}.Release|Any CPU.ActiveCfg = Release|Any CPU
		{36E246CE-3315-A9B9-01F2-A87615822E63}.Release|Any CPU.Build.0 = Release|Any CPU
		{DF1AD1FF-04FA-6D1B-83D8-B459860A3B4F}.Debug|Any CPU.ActiveCfg = Debug|Any CPU
		{DF1AD1FF-04FA-6D1B-83D8-B459860A3B4F}.Debug|Any CPU.Build.0 = Debug|Any CPU
		{DF1AD1FF-04FA-6D1B-83D8-B459860A3B4F}.Release|Any CPU.ActiveCfg = Release|Any CPU
		{DF1AD1FF-04FA-6D1B-83D8-B459860A3B4F}.Release|Any CPU.Build.0 = Release|Any CPU
		{7A6DAF59-91C1-1A27-F101-BEB5864D0383}.Debug|Any CPU.ActiveCfg = Debug|Any CPU
		{7A6DAF59-91C1-1A27-F101-BEB5864D0383}.Debug|Any CPU.Build.0 = Debug|Any CPU
		{7A6DAF59-91C1-1A27-F101-BEB5864D0383}.Release|Any CPU.ActiveCfg = Release|Any CPU
		{7A6DAF59-91C1-1A27-F101-BEB5864D0383}.Release|Any CPU.Build.0 = Release|Any CPU
		{27D791E7-7E33-CAF0-1B1D-A484116DC863}.Debug|Any CPU.ActiveCfg = Debug|Any CPU
		{27D791E7-7E33-CAF0-1B1D-A484116DC863}.Debug|Any CPU.Build.0 = Debug|Any CPU
		{27D791E7-7E33-CAF0-1B1D-A484116DC863}.Release|Any CPU.ActiveCfg = Release|Any CPU
		{27D791E7-7E33-CAF0-1B1D-A484116DC863}.Release|Any CPU.Build.0 = Release|Any CPU
		{12A8BB63-569F-34BD-9094-5826E3FE40AA}.Debug|Any CPU.ActiveCfg = Debug|Any CPU
		{12A8BB63-569F-34BD-9094-5826E3FE40AA}.Debug|Any CPU.Build.0 = Debug|Any CPU
		{12A8BB63-569F-34BD-9094-5826E3FE40AA}.Release|Any CPU.ActiveCfg = Release|Any CPU
		{12A8BB63-569F-34BD-9094-5826E3FE40AA}.Release|Any CPU.Build.0 = Release|Any CPU
		{778C2C15-1E79-9B20-3C9F-67D73901BDE9}.Debug|Any CPU.ActiveCfg = Debug|Any CPU
		{778C2C15-1E79-9B20-3C9F-67D73901BDE9}.Debug|Any CPU.Build.0 = Debug|Any CPU
		{778C2C15-1E79-9B20-3C9F-67D73901BDE9}.Release|Any CPU.ActiveCfg = Release|Any CPU
		{778C2C15-1E79-9B20-3C9F-67D73901BDE9}.Release|Any CPU.Build.0 = Release|Any CPU
		{BD2343F0-B3E7-1D77-6A67-A2F001E33E09}.Debug|Any CPU.ActiveCfg = Debug|Any CPU
		{BD2343F0-B3E7-1D77-6A67-A2F001E33E09}.Debug|Any CPU.Build.0 = Debug|Any CPU
		{BD2343F0-B3E7-1D77-6A67-A2F001E33E09}.Release|Any CPU.ActiveCfg = Release|Any CPU
		{BD2343F0-B3E7-1D77-6A67-A2F001E33E09}.Release|Any CPU.Build.0 = Release|Any CPU
		{AF67DA57-4363-E4AB-29AB-F1FCF9033DD0}.Debug|Any CPU.ActiveCfg = Debug|Any CPU
		{AF67DA57-4363-E4AB-29AB-F1FCF9033DD0}.Debug|Any CPU.Build.0 = Debug|Any CPU
		{AF67DA57-4363-E4AB-29AB-F1FCF9033DD0}.Release|Any CPU.ActiveCfg = Release|Any CPU
		{AF67DA57-4363-E4AB-29AB-F1FCF9033DD0}.Release|Any CPU.Build.0 = Release|Any CPU
		{4DB2672B-E0AE-9B92-BD75-92569BE923F5}.Debug|Any CPU.ActiveCfg = Debug|Any CPU
		{4DB2672B-E0AE-9B92-BD75-92569BE923F5}.Debug|Any CPU.Build.0 = Debug|Any CPU
		{4DB2672B-E0AE-9B92-BD75-92569BE923F5}.Release|Any CPU.ActiveCfg = Release|Any CPU
		{4DB2672B-E0AE-9B92-BD75-92569BE923F5}.Release|Any CPU.Build.0 = Release|Any CPU
		{14B3D261-121E-7A00-5C88-F34B492D9A39}.Debug|Any CPU.ActiveCfg = Debug|Any CPU
		{14B3D261-121E-7A00-5C88-F34B492D9A39}.Debug|Any CPU.Build.0 = Debug|Any CPU
		{14B3D261-121E-7A00-5C88-F34B492D9A39}.Release|Any CPU.ActiveCfg = Release|Any CPU
		{14B3D261-121E-7A00-5C88-F34B492D9A39}.Release|Any CPU.Build.0 = Release|Any CPU
		{976B9926-F85A-292C-B85C-BC8638137226}.Debug|Any CPU.ActiveCfg = Debug|Any CPU
		{976B9926-F85A-292C-B85C-BC8638137226}.Debug|Any CPU.Build.0 = Debug|Any CPU
		{976B9926-F85A-292C-B85C-BC8638137226}.Release|Any CPU.ActiveCfg = Release|Any CPU
		{976B9926-F85A-292C-B85C-BC8638137226}.Release|Any CPU.Build.0 = Release|Any CPU
		{15369D81-0696-0506-2B35-FD74C4BC9E15}.Debug|Any CPU.ActiveCfg = Debug|Any CPU
		{15369D81-0696-0506-2B35-FD74C4BC9E15}.Debug|Any CPU.Build.0 = Debug|Any CPU
		{15369D81-0696-0506-2B35-FD74C4BC9E15}.Release|Any CPU.ActiveCfg = Release|Any CPU
		{15369D81-0696-0506-2B35-FD74C4BC9E15}.Release|Any CPU.Build.0 = Release|Any CPU
		{A6287DBB-9C38-E880-1F83-2F4532F2C7A8}.Debug|Any CPU.ActiveCfg = Debug|Any CPU
		{A6287DBB-9C38-E880-1F83-2F4532F2C7A8}.Debug|Any CPU.Build.0 = Debug|Any CPU
		{A6287DBB-9C38-E880-1F83-2F4532F2C7A8}.Release|Any CPU.ActiveCfg = Release|Any CPU
		{A6287DBB-9C38-E880-1F83-2F4532F2C7A8}.Release|Any CPU.Build.0 = Release|Any CPU
		{8716B80D-903E-F047-CF84-9D940C84FBC8}.Debug|Any CPU.ActiveCfg = Debug|Any CPU
		{8716B80D-903E-F047-CF84-9D940C84FBC8}.Debug|Any CPU.Build.0 = Debug|Any CPU
		{8716B80D-903E-F047-CF84-9D940C84FBC8}.Release|Any CPU.ActiveCfg = Release|Any CPU
		{8716B80D-903E-F047-CF84-9D940C84FBC8}.Release|Any CPU.Build.0 = Release|Any CPU
		{3E47BE1B-E736-50BF-D48E-12693C6936AC}.Debug|Any CPU.ActiveCfg = Debug|Any CPU
		{3E47BE1B-E736-50BF-D48E-12693C6936AC}.Debug|Any CPU.Build.0 = Debug|Any CPU
		{3E47BE1B-E736-50BF-D48E-12693C6936AC}.Release|Any CPU.ActiveCfg = Release|Any CPU
		{3E47BE1B-E736-50BF-D48E-12693C6936AC}.Release|Any CPU.Build.0 = Release|Any CPU
	EndGlobalSection
	GlobalSection(SolutionProperties) = preSolution
		HideSolutionNode = FALSE
	EndGlobalSection
EndGlobal
